
Microsoft Visual Studio Solution File, Format Version 12.00
# Visual Studio 2013
VisualStudioVersion = 12.0.31101.0
MinimumVisualStudioVersion = 10.0.40219.1
Project("{FAE04EC0-301F-11D3-BF4B-00C04F79EFBC}") = "Net4WPFDemo", "Net4WPFDemo.csproj", "{2CDC4BC2-B9B6-4D9C-AAB9-5C4B09835CF5}"
EndProject
Project("{FAE04EC0-301F-11D3-BF4B-00C04F79EFBC}") = "Net4WinFormsDemo", "..\Net4WinFormsDemo\Net4WinFormsDemo.csproj", "{4D494C27-E751-429C-84C5-F42A9DA36F6A}"
EndProject
Global
	GlobalSection(SolutionConfigurationPlatforms) = preSolution
		Debug|Any CPU = Debug|Any CPU
		Release|Any CPU = Release|Any CPU
	EndGlobalSection
	GlobalSection(ProjectConfigurationPlatforms) = postSolution
		{2CDC4BC2-B9B6-4D9C-AAB9-5C4B09835CF5}.Debug|Any CPU.ActiveCfg = Debug|Any CPU
		{2CDC4BC2-B9B6-4D9C-AAB9-5C4B09835CF5}.Debug|Any CPU.Build.0 = Debug|Any CPU
		{2CDC4BC2-B9B6-4D9C-AAB9-5C4B09835CF5}.Release|Any CPU.ActiveCfg = Release|Any CPU
		{2CDC4BC2-B9B6-4D9C-AAB9-5C4B09835CF5}.Release|Any CPU.Build.0 = Release|Any CPU
		{4D494C27-E751-429C-84C5-F42A9DA36F6A}.Debug|Any CPU.ActiveCfg = Debug|Any CPU
		{4D494C27-E751-429C-84C5-F42A9DA36F6A}.Debug|Any CPU.Build.0 = Debug|Any CPU
		{4D494C27-E751-429C-84C5-F42A9DA36F6A}.Release|Any CPU.ActiveCfg = Release|Any CPU
		{4D494C27-E751-429C-84C5-F42A9DA36F6A}.Release|Any CPU.Build.0 = Release|Any CPU
	EndGlobalSection
	GlobalSection(SolutionProperties) = preSolution
		HideSolutionNode = FALSE
	EndGlobalSection
EndGlobal
